
Microsoft Visual Studio Solution File, Format Version 12.00
# Visual Studio 14
VisualStudioVersion = 14.0.25420.1
MinimumVisualStudioVersion = 10.0.40219.1
Project("{2150E333-8FDC-42A3-9474-1A3956D46DE8}") = "Solution Items", "Solution Items", "{3E9A20D8-AF5D-4CAD-ABBD-7B7904D6BD43}"
	ProjectSection(SolutionItems) = preProject
		UCI.protocol.txt = UCI.protocol.txt
	EndProjectSection
EndProject
Project("{8BB2217D-0F2D-49D1-97BC-3654ED321F3B}") = "ChessterUciCore", "ChessterUciCore\ChessterUciCore.xproj", "{587CFBF3-99FA-41AE-8CCF-E037FCB03F1E}"
EndProject
Project("{8BB2217D-0F2D-49D1-97BC-3654ED321F3B}") = "TestChessterUciCore", "TestChessterUciCore\TestChessterUciCore.xproj", "{9E638A4A-98CE-4587-B8AE-3AB101392D7B}"
EndProject
Global
	GlobalSection(SolutionConfigurationPlatforms) = preSolution
		Debug|Any CPU = Debug|Any CPU
		Release|Any CPU = Release|Any CPU
	EndGlobalSection
	GlobalSection(ProjectConfigurationPlatforms) = postSolution
		{587CFBF3-99FA-41AE-8CCF-E037FCB03F1E}.Debug|Any CPU.ActiveCfg = Debug|Any CPU
		{587CFBF3-99FA-41AE-8CCF-E037FCB03F1E}.Debug|Any CPU.Build.0 = Debug|Any CPU
		{587CFBF3-99FA-41AE-8CCF-E037FCB03F1E}.Release|Any CPU.ActiveCfg = Release|Any CPU
		{587CFBF3-99FA-41AE-8CCF-E037FCB03F1E}.Release|Any CPU.Build.0 = Release|Any CPU
		{9E638A4A-98CE-4587-B8AE-3AB101392D7B}.Debug|Any CPU.ActiveCfg = Debug|Any CPU
		{9E638A4A-98CE-4587-B8AE-3AB101392D7B}.Debug|Any CPU.Build.0 = Debug|Any CPU
		{9E638A4A-98CE-4587-B8AE-3AB101392D7B}.Release|Any CPU.ActiveCfg = Release|Any CPU
		{9E638A4A-98CE-4587-B8AE-3AB101392D7B}.Release|Any CPU.Build.0 = Release|Any CPU
	EndGlobalSection
	GlobalSection(SolutionProperties) = preSolution
		HideSolutionNode = FALSE
	EndGlobalSection
EndGlobal
